// !$*UTF8*$!
{
	archiveVersion = 1;
	classes = {
	};
	objectVersion = 46;
	objects = {

/* Begin PBXBuildFile section */
		30E41BC5166DEAE40073D342 /* Cocoa.framework in Frameworks */ = {isa = PBXBuildFile; fileRef = 30E41BC4166DEAE40073D342 /* Cocoa.framework */; };
		30E41BCF166DEAE40073D342 /* InfoPlist.strings in Resources */ = {isa = PBXBuildFile; fileRef = 30E41BCD166DEAE40073D342 /* InfoPlist.strings */; };
		30E41BD1166DEAE40073D342 /* main.m in Sources */ = {isa = PBXBuildFile; fileRef = 30E41BD0166DEAE40073D342 /* main.m */; };
		30E41BD5166DEAE40073D342 /* Credits.rtf in Resources */ = {isa = PBXBuildFile; fileRef = 30E41BD3166DEAE40073D342 /* Credits.rtf */; };
		30E41BD8166DEAE40073D342 /* RTAppDelegate.m in Sources */ = {isa = PBXBuildFile; fileRef = 30E41BD7166DEAE40073D342 /* RTAppDelegate.m */; };
		30E41BDB166DEAE40073D342 /* MainMenu.xib in Resources */ = {isa = PBXBuildFile; fileRef = 30E41BD9166DEAE40073D342 /* MainMenu.xib */; };
		30E41BE4166DED8D0073D342 /* Mute.png in Resources */ = {isa = PBXBuildFile; fileRef = 30E41BE2166DED8D0073D342 /* Mute.png */; };
		30E41BE5166DED8D0073D342 /* Play.png in Resources */ = {isa = PBXBuildFile; fileRef = 30E41BE3166DED8D0073D342 /* Play.png */; };
		30E41BE8166DF5E30073D342 /* Pause.png in Resources */ = {isa = PBXBuildFile; fileRef = 30E41BE6166DF5E30073D342 /* Pause.png */; };
		30E41BE9166DF5E30073D342 /* UnMute.png in Resources */ = {isa = PBXBuildFile; fileRef = 30E41BE7166DF5E30073D342 /* UnMute.png */; };
		30E41BEB166DFCCA0073D342 /* DoorLeave.png in Resources */ = {isa = PBXBuildFile; fileRef = 30E41BEA166DFCCA0073D342 /* DoorLeave.png */; };
/* End PBXBuildFile section */

/* Begin PBXFileReference section */
		30E41BC0166DEAE40073D342 /* Radio-T.app */ = {isa = PBXFileReference; explicitFileType = wrapper.application; includeInIndex = 0; path = "Radio-T.app"; sourceTree = BUILT_PRODUCTS_DIR; };
		30E41BC4166DEAE40073D342 /* Cocoa.framework */ = {isa = PBXFileReference; lastKnownFileType = wrapper.framework; name = Cocoa.framework; path = System/Library/Frameworks/Cocoa.framework; sourceTree = SDKROOT; };
		30E41BC7166DEAE40073D342 /* AppKit.framework */ = {isa = PBXFileReference; lastKnownFileType = wrapper.framework; name = AppKit.framework; path = System/Library/Frameworks/AppKit.framework; sourceTree = SDKROOT; };
		30E41BC8166DEAE40073D342 /* CoreData.framework */ = {isa = PBXFileReference; lastKnownFileType = wrapper.framework; name = CoreData.framework; path = System/Library/Frameworks/CoreData.framework; sourceTree = SDKROOT; };
		30E41BC9166DEAE40073D342 /* Foundation.framework */ = {isa = PBXFileReference; lastKnownFileType = wrapper.framework; name = Foundation.framework; path = System/Library/Frameworks/Foundation.framework; sourceTree = SDKROOT; };
		30E41BCC166DEAE40073D342 /* Radio-T-Info.plist */ = {isa = PBXFileReference; lastKnownFileType = text.plist.xml; path = "Radio-T-Info.plist"; sourceTree = "<group>"; };
		30E41BCE166DEAE40073D342 /* en */ = {isa = PBXFileReference; lastKnownFileType = text.plist.strings; name = en; path = en.lproj/InfoPlist.strings; sourceTree = "<group>"; };
		30E41BD0166DEAE40073D342 /* main.m */ = {isa = PBXFileReference; lastKnownFileType = sourcecode.c.objc; path = main.m; sourceTree = "<group>"; };
		30E41BD2166DEAE40073D342 /* Radio-T-Prefix.pch */ = {isa = PBXFileReference; lastKnownFileType = sourcecode.c.h; path = "Radio-T-Prefix.pch"; sourceTree = "<group>"; };
		30E41BD4166DEAE40073D342 /* en */ = {isa = PBXFileReference; lastKnownFileType = text.rtf; name = en; path = en.lproj/Credits.rtf; sourceTree = "<group>"; };
		30E41BD6166DEAE40073D342 /* RTAppDelegate.h */ = {isa = PBXFileReference; lastKnownFileType = sourcecode.c.h; path = RTAppDelegate.h; sourceTree = "<group>"; };
		30E41BD7166DEAE40073D342 /* RTAppDelegate.m */ = {isa = PBXFileReference; lastKnownFileType = sourcecode.c.objc; path = RTAppDelegate.m; sourceTree = "<group>"; };
		30E41BDA166DEAE40073D342 /* en */ = {isa = PBXFileReference; lastKnownFileType = file.xib; name = en; path = en.lproj/MainMenu.xib; sourceTree = "<group>"; };
		30E41BE2166DED8D0073D342 /* Mute.png */ = {isa = PBXFileReference; lastKnownFileType = image.png; path = Mute.png; sourceTree = "<group>"; };
		30E41BE3166DED8D0073D342 /* Play.png */ = {isa = PBXFileReference; lastKnownFileType = image.png; path = Play.png; sourceTree = "<group>"; };
		30E41BE6166DF5E30073D342 /* Pause.png */ = {isa = PBXFileReference; lastKnownFileType = image.png; path = Pause.png; sourceTree = "<group>"; };
		30E41BE7166DF5E30073D342 /* UnMute.png */ = {isa = PBXFileReference; lastKnownFileType = image.png; path = UnMute.png; sourceTree = "<group>"; };
		30E41BEA166DFCCA0073D342 /* DoorLeave.png */ = {isa = PBXFileReference; lastKnownFileType = image.png; path = DoorLeave.png; sourceTree = "<group>"; };
/* End PBXFileReference section */

/* Begin PBXFrameworksBuildPhase section */
		30E41BBD166DEAE40073D342 /* Frameworks */ = {
			isa = PBXFrameworksBuildPhase;
			buildActionMask = 2147483647;
			files = (
				30E41BC5166DEAE40073D342 /* Cocoa.framework in Frameworks */,
			);
			runOnlyForDeploymentPostprocessing = 0;
		};
/* End PBXFrameworksBuildPhase section */

/* Begin PBXGroup section */
		30E41BB5166DEAE40073D342 = {
			isa = PBXGroup;
			children = (
				30E41BE1166DED8D0073D342 /* Resources */,
				30E41BCA166DEAE40073D342 /* Radio-T */,
				30E41BC3166DEAE40073D342 /* Frameworks */,
				30E41BC1166DEAE40073D342 /* Products */,
			);
			sourceTree = "<group>";
		};
		30E41BC1166DEAE40073D342 /* Products */ = {
			isa = PBXGroup;
			children = (
				30E41BC0166DEAE40073D342 /* Radio-T.app */,
			);
			name = Products;
			sourceTree = "<group>";
		};
		30E41BC3166DEAE40073D342 /* Frameworks */ = {
			isa = PBXGroup;
			children = (
				30E41BC4166DEAE40073D342 /* Cocoa.framework */,
				30E41BC6166DEAE40073D342 /* Other Frameworks */,
			);
			name = Frameworks;
			sourceTree = "<group>";
		};
		30E41BC6166DEAE40073D342 /* Other Frameworks */ = {
			isa = PBXGroup;
			children = (
				30E41BC7166DEAE40073D342 /* AppKit.framework */,
				30E41BC8166DEAE40073D342 /* CoreData.framework */,
				30E41BC9166DEAE40073D342 /* Foundation.framework */,
			);
			name = "Other Frameworks";
			sourceTree = "<group>";
		};
		30E41BCA166DEAE40073D342 /* Radio-T */ = {
			isa = PBXGroup;
			children = (
				30E41BD6166DEAE40073D342 /* RTAppDelegate.h */,
				30E41BD7166DEAE40073D342 /* RTAppDelegate.m */,
				30E41BD9166DEAE40073D342 /* MainMenu.xib */,
				30E41BCB166DEAE40073D342 /* Supporting Files */,
			);
			path = "Radio-T";
			sourceTree = "<group>";
		};
		30E41BCB166DEAE40073D342 /* Supporting Files */ = {
			isa = PBXGroup;
			children = (
				30E41BCC166DEAE40073D342 /* Radio-T-Info.plist */,
				30E41BCD166DEAE40073D342 /* InfoPlist.strings */,
				30E41BD0166DEAE40073D342 /* main.m */,
				30E41BD2166DEAE40073D342 /* Radio-T-Prefix.pch */,
				30E41BD3166DEAE40073D342 /* Credits.rtf */,
			);
			name = "Supporting Files";
			sourceTree = "<group>";
		};
		30E41BE1166DED8D0073D342 /* Resources */ = {
			isa = PBXGroup;
			children = (
				30E41BEA166DFCCA0073D342 /* DoorLeave.png */,
				30E41BE6166DF5E30073D342 /* Pause.png */,
				30E41BE7166DF5E30073D342 /* UnMute.png */,
				30E41BE2166DED8D0073D342 /* Mute.png */,
				30E41BE3166DED8D0073D342 /* Play.png */,
			);
			name = Resources;
			path = "Radio-T/Resources";
			sourceTree = "<group>";
		};
/* End PBXGroup section */

/* Begin PBXNativeTarget section */
		30E41BBF166DEAE40073D342 /* Radio-T */ = {
			isa = PBXNativeTarget;
			buildConfigurationList = 30E41BDE166DEAE40073D342 /* Build configuration list for PBXNativeTarget "Radio-T" */;
			buildPhases = (
				30E41BBC166DEAE40073D342 /* Sources */,
				30E41BBD166DEAE40073D342 /* Frameworks */,
				30E41BBE166DEAE40073D342 /* Resources */,
			);
			buildRules = (
			);
			dependencies = (
			);
			name = "Radio-T";
			productName = "Radio-T";
			productReference = 30E41BC0166DEAE40073D342 /* Radio-T.app */;
			productType = "com.apple.product-type.application";
		};
/* End PBXNativeTarget section */

/* Begin PBXProject section */
		30E41BB7166DEAE40073D342 /* Project object */ = {
			isa = PBXProject;
			attributes = {
				CLASSPREFIX = RT;
				LastUpgradeCheck = 0450;
				ORGANIZATIONNAME = Fruitcode;
			};
			buildConfigurationList = 30E41BBA166DEAE40073D342 /* Build configuration list for PBXProject "Radio-T" */;
			compatibilityVersion = "Xcode 3.2";
			developmentRegion = English;
			hasScannedForEncodings = 0;
			knownRegions = (
				en,
			);
			mainGroup = 30E41BB5166DEAE40073D342;
			productRefGroup = 30E41BC1166DEAE40073D342 /* Products */;
			projectDirPath = "";
			projectRoot = "";
			targets = (
				30E41BBF166DEAE40073D342 /* Radio-T */,
			);
		};
/* End PBXProject section */

/* Begin PBXResourcesBuildPhase section */
		30E41BBE166DEAE40073D342 /* Resources */ = {
			isa = PBXResourcesBuildPhase;
			buildActionMask = 2147483647;
			files = (
				30E41BCF166DEAE40073D342 /* InfoPlist.strings in Resources */,
				30E41BD5166DEAE40073D342 /* Credits.rtf in Resources */,
				30E41BDB166DEAE40073D342 /* MainMenu.xib in Resources */,
				30E41BE4166DED8D0073D342 /* Mute.png in Resources */,
				30E41BE5166DED8D0073D342 /* Play.png in Resources */,
				30E41BE8166DF5E30073D342 /* Pause.png in Resources */,
				30E41BE9166DF5E30073D342 /* UnMute.png in Resources */,
				30E41BEB166DFCCA0073D342 /* DoorLeave.png in Resources */,
			);
			runOnlyForDeploymentPostprocessing = 0;
		};
/* End PBXResourcesBuildPhase section */

/* Begin PBXSourcesBuildPhase section */
		30E41BBC166DEAE40073D342 /* Sources */ = {
			isa = PBXSourcesBuildPhase;
			buildActionMask = 2147483647;
			files = (
				30E41BD1166DEAE40073D342 /* main.m in Sources */,
				30E41BD8166DEAE40073D342 /* RTAppDelegate.m in Sources */,
			);
			runOnlyForDeploymentPostprocessing = 0;
		};
/* End PBXSourcesBuildPhase section */

/* Begin PBXVariantGroup section */
		30E41BCD166DEAE40073D342 /* InfoPlist.strings */ = {
			isa = PBXVariantGroup;
			children = (
				30E41BCE166DEAE40073D342 /* en */,
			);
			name = InfoPlist.strings;
			sourceTree = "<group>";
		};
		30E41BD3166DEAE40073D342 /* Credits.rtf */ = {
			isa = PBXVariantGroup;
			children = (
				30E41BD4166DEAE40073D342 /* en */,
			);
			name = Credits.rtf;
			sourceTree = "<group>";
		};
		30E41BD9166DEAE40073D342 /* MainMenu.xib */ = {
			isa = PBXVariantGroup;
			children = (
				30E41BDA166DEAE40073D342 /* en */,
			);
			name = MainMenu.xib;
			sourceTree = "<group>";
		};
/* End PBXVariantGroup section */

/* Begin XCBuildConfiguration section */
		30E41BDC166DEAE40073D342 /* Debug */ = {
			isa = XCBuildConfiguration;
			buildSettings = {
				ALWAYS_SEARCH_USER_PATHS = NO;
				ARCHS = "$(ARCHS_STANDARD_64_BIT)";
				CLANG_CXX_LANGUAGE_STANDARD = "gnu++0x";
				CLANG_CXX_LIBRARY = "libc++";
				CLANG_ENABLE_OBJC_ARC = YES;
				CLANG_WARN_EMPTY_BODY = YES;
				CLANG_WARN__DUPLICATE_METHOD_MATCH = YES;
				COPY_PHASE_STRIP = NO;
				GCC_C_LANGUAGE_STANDARD = gnu99;
				GCC_DYNAMIC_NO_PIC = NO;
				GCC_ENABLE_OBJC_EXCEPTIONS = YES;
				GCC_OPTIMIZATION_LEVEL = 0;
				GCC_PREPROCESSOR_DEFINITIONS = (
					"DEBUG=1",
					"$(inherited)",
				);
				GCC_SYMBOLS_PRIVATE_EXTERN = NO;
				GCC_WARN_64_TO_32_BIT_CONVERSION = YES;
				GCC_WARN_ABOUT_RETURN_TYPE = YES;
				GCC_WARN_UNINITIALIZED_AUTOS = YES;
				GCC_WARN_UNUSED_VARIABLE = YES;
				MACOSX_DEPLOYMENT_TARGET = 10.8;
				ONLY_ACTIVE_ARCH = YES;
				SDKROOT = macosx;
			};
			name = Debug;
		};
		30E41BDD166DEAE40073D342 /* Release */ = {
			isa = XCBuildConfiguration;
			buildSettings = {
				ALWAYS_SEARCH_USER_PATHS = NO;
				ARCHS = "$(ARCHS_STANDARD_64_BIT)";
				CLANG_CXX_LANGUAGE_STANDARD = "gnu++0x";
				CLANG_CXX_LIBRARY = "libc++";
				CLANG_ENABLE_OBJC_ARC = YES;
				CLANG_WARN_EMPTY_BODY = YES;
				CLANG_WARN__DUPLICATE_METHOD_MATCH = YES;
				COPY_PHASE_STRIP = YES;
				DEBUG_INFORMATION_FORMAT = "dwarf-with-dsym";
				GCC_C_LANGUAGE_STANDARD = gnu99;
				GCC_ENABLE_OBJC_EXCEPTIONS = YES;
				GCC_WARN_64_TO_32_BIT_CONVERSION = YES;
				GCC_WARN_ABOUT_RETURN_TYPE = YES;
				GCC_WARN_UNINITIALIZED_AUTOS = YES;
				GCC_WARN_UNUSED_VARIABLE = YES;
				MACOSX_DEPLOYMENT_TARGET = 10.8;
				SDKROOT = macosx;
			};
			name = Release;
		};
		30E41BDF166DEAE40073D342 /* Debug */ = {
			isa = XCBuildConfiguration;
			buildSettings = {
				COMBINE_HIDPI_IMAGES = YES;
				GCC_PRECOMPILE_PREFIX_HEADER = YES;
				GCC_PREFIX_HEADER = "Radio-T/Radio-T-Prefix.pch";
				INFOPLIST_FILE = "Radio-T/Radio-T-Info.plist";
				PRODUCT_NAME = "$(TARGET_NAME)";
				WRAPPER_EXTENSION = app;
			};
			name = Debug;
		};
		30E41BE0166DEAE40073D342 /* Release */ = {
			isa = XCBuildConfiguration;
			buildSettings = {
				COMBINE_HIDPI_IMAGES = YES;
				GCC_PRECOMPILE_PREFIX_HEADER = YES;
				GCC_PREFIX_HEADER = "Radio-T/Radio-T-Prefix.pch";
				INFOPLIST_FILE = "Radio-T/Radio-T-Info.plist";
				PRODUCT_NAME = "$(TARGET_NAME)";
				WRAPPER_EXTENSION = app;
			};
			name = Release;
		};
/* End XCBuildConfiguration section */

/* Begin XCConfigurationList section */
		30E41BBA166DEAE40073D342 /* Build configuration list for PBXProject "Radio-T" */ = {
			isa = XCConfigurationList;
			buildConfigurations = (
				30E41BDC166DEAE40073D342 /* Debug */,
				30E41BDD166DEAE40073D342 /* Release */,
			);
			defaultConfigurationIsVisible = 0;
			defaultConfigurationName = Release;
		};
		30E41BDE166DEAE40073D342 /* Build configuration list for PBXNativeTarget "Radio-T" */ = {
			isa = XCConfigurationList;
			buildConfigurations = (
				30E41BDF166DEAE40073D342 /* Debug */,
				30E41BE0166DEAE40073D342 /* Release */,
			);
			defaultConfigurationIsVisible = 0;
		};
/* End XCConfigurationList section */
	};
	rootObject = 30E41BB7166DEAE40073D342 /* Project object */;
}
