// !$*UTF8*$!
{
	archiveVersion = 1;
	classes = {
	};
	objectVersion = 46;
	objects = {

/* Begin PBXBuildFile section */
		84CE6CA11668DCA40029781F /* UIKit.framework in Frameworks */ = {isa = PBXBuildFile; fileRef = 84CE6CA01668DCA40029781F /* UIKit.framework */; };
		84CE6CA31668DCA40029781F /* Foundation.framework in Frameworks */ = {isa = PBXBuildFile; fileRef = 84CE6CA21668DCA40029781F /* Foundation.framework */; };
		84CE6CA51668DCA40029781F /* CoreGraphics.framework in Frameworks */ = {isa = PBXBuildFile; fileRef = 84CE6CA41668DCA40029781F /* CoreGraphics.framework */; };
		84CE6CAB1668DCA40029781F /* InfoPlist.strings in Resources */ = {isa = PBXBuildFile; fileRef = 84CE6CA91668DCA40029781F /* InfoPlist.strings */; };
		84CE6CAD1668DCA40029781F /* main.m in Sources */ = {isa = PBXBuildFile; fileRef = 84CE6CAC1668DCA40029781F /* main.m */; };
		84CE6CB11668DCA40029781F /* AppDelegate.m in Sources */ = {isa = PBXBuildFile; fileRef = 84CE6CB01668DCA40029781F /* AppDelegate.m */; };
		84CE6CB31668DCA40029781F /* Default.png in Resources */ = {isa = PBXBuildFile; fileRef = 84CE6CB21668DCA40029781F /* Default.png */; };
		84CE6CB51668DCA40029781F /* Default@2x.png in Resources */ = {isa = PBXBuildFile; fileRef = 84CE6CB41668DCA40029781F /* Default@2x.png */; };
		84CE6CB71668DCA40029781F /* Default-568h@2x.png in Resources */ = {isa = PBXBuildFile; fileRef = 84CE6CB61668DCA40029781F /* Default-568h@2x.png */; };
		84CE6CBA1668DCA40029781F /* RootViewController.m in Sources */ = {isa = PBXBuildFile; fileRef = 84CE6CB91668DCA40029781F /* RootViewController.m */; };
		84CE6CBD1668DCA40029781F /* DataViewController.m in Sources */ = {isa = PBXBuildFile; fileRef = 84CE6CBC1668DCA40029781F /* DataViewController.m */; };
		84CE6CC01668DCA40029781F /* ModelController.m in Sources */ = {isa = PBXBuildFile; fileRef = 84CE6CBF1668DCA40029781F /* ModelController.m */; };
		84CE6CC31668DCA40029781F /* MainStoryboard_iPhone.storyboard in Resources */ = {isa = PBXBuildFile; fileRef = 84CE6CC11668DCA40029781F /* MainStoryboard_iPhone.storyboard */; };
		84CE6CC61668DCA40029781F /* MainStoryboard_iPad.storyboard in Resources */ = {isa = PBXBuildFile; fileRef = 84CE6CC41668DCA40029781F /* MainStoryboard_iPad.storyboard */; };
/* End PBXBuildFile section */

/* Begin PBXFileReference section */
		84CE6C9C1668DCA40029781F /* ProximityDating.app */ = {isa = PBXFileReference; explicitFileType = wrapper.application; includeInIndex = 0; path = ProximityDating.app; sourceTree = BUILT_PRODUCTS_DIR; };
		84CE6CA01668DCA40029781F /* UIKit.framework */ = {isa = PBXFileReference; lastKnownFileType = wrapper.framework; name = UIKit.framework; path = System/Library/Frameworks/UIKit.framework; sourceTree = SDKROOT; };
		84CE6CA21668DCA40029781F /* Foundation.framework */ = {isa = PBXFileReference; lastKnownFileType = wrapper.framework; name = Foundation.framework; path = System/Library/Frameworks/Foundation.framework; sourceTree = SDKROOT; };
		84CE6CA41668DCA40029781F /* CoreGraphics.framework */ = {isa = PBXFileReference; lastKnownFileType = wrapper.framework; name = CoreGraphics.framework; path = System/Library/Frameworks/CoreGraphics.framework; sourceTree = SDKROOT; };
		84CE6CA81668DCA40029781F /* ProximityDating-Info.plist */ = {isa = PBXFileReference; lastKnownFileType = text.plist.xml; path = "ProximityDating-Info.plist"; sourceTree = "<group>"; };
		84CE6CAA1668DCA40029781F /* en */ = {isa = PBXFileReference; lastKnownFileType = text.plist.strings; name = en; path = en.lproj/InfoPlist.strings; sourceTree = "<group>"; };
		84CE6CAC1668DCA40029781F /* main.m */ = {isa = PBXFileReference; lastKnownFileType = sourcecode.c.objc; path = main.m; sourceTree = "<group>"; };
		84CE6CAE1668DCA40029781F /* ProximityDating-Prefix.pch */ = {isa = PBXFileReference; lastKnownFileType = sourcecode.c.h; path = "ProximityDating-Prefix.pch"; sourceTree = "<group>"; };
		84CE6CAF1668DCA40029781F /* AppDelegate.h */ = {isa = PBXFileReference; lastKnownFileType = sourcecode.c.h; path = AppDelegate.h; sourceTree = "<group>"; };
		84CE6CB01668DCA40029781F /* AppDelegate.m */ = {isa = PBXFileReference; lastKnownFileType = sourcecode.c.objc; path = AppDelegate.m; sourceTree = "<group>"; };
		84CE6CB21668DCA40029781F /* Default.png */ = {isa = PBXFileReference; lastKnownFileType = image.png; path = Default.png; sourceTree = "<group>"; };
		84CE6CB41668DCA40029781F /* Default@2x.png */ = {isa = PBXFileReference; lastKnownFileType = image.png; path = "Default@2x.png"; sourceTree = "<group>"; };
		84CE6CB61668DCA40029781F /* Default-568h@2x.png */ = {isa = PBXFileReference; lastKnownFileType = image.png; path = "Default-568h@2x.png"; sourceTree = "<group>"; };
		84CE6CB81668DCA40029781F /* RootViewController.h */ = {isa = PBXFileReference; lastKnownFileType = sourcecode.c.h; path = RootViewController.h; sourceTree = "<group>"; };
		84CE6CB91668DCA40029781F /* RootViewController.m */ = {isa = PBXFileReference; lastKnownFileType = sourcecode.c.objc; path = RootViewController.m; sourceTree = "<group>"; };
		84CE6CBB1668DCA40029781F /* DataViewController.h */ = {isa = PBXFileReference; lastKnownFileType = sourcecode.c.h; path = DataViewController.h; sourceTree = "<group>"; };
		84CE6CBC1668DCA40029781F /* DataViewController.m */ = {isa = PBXFileReference; lastKnownFileType = sourcecode.c.objc; path = DataViewController.m; sourceTree = "<group>"; };
		84CE6CBE1668DCA40029781F /* ModelController.h */ = {isa = PBXFileReference; lastKnownFileType = sourcecode.c.h; path = ModelController.h; sourceTree = "<group>"; };
		84CE6CBF1668DCA40029781F /* ModelController.m */ = {isa = PBXFileReference; lastKnownFileType = sourcecode.c.objc; path = ModelController.m; sourceTree = "<group>"; };
		84CE6CC21668DCA40029781F /* en */ = {isa = PBXFileReference; lastKnownFileType = file.storyboard; name = en; path = en.lproj/MainStoryboard_iPhone.storyboard; sourceTree = "<group>"; };
		84CE6CC51668DCA40029781F /* en */ = {isa = PBXFileReference; lastKnownFileType = file.storyboard; name = en; path = en.lproj/MainStoryboard_iPad.storyboard; sourceTree = "<group>"; };
/* End PBXFileReference section */

/* Begin PBXFrameworksBuildPhase section */
		84CE6C991668DCA40029781F /* Frameworks */ = {
			isa = PBXFrameworksBuildPhase;
			buildActionMask = 2147483647;
			files = (
				84CE6CA11668DCA40029781F /* UIKit.framework in Frameworks */,
				84CE6CA31668DCA40029781F /* Foundation.framework in Frameworks */,
				84CE6CA51668DCA40029781F /* CoreGraphics.framework in Frameworks */,
			);
			runOnlyForDeploymentPostprocessing = 0;
		};
/* End PBXFrameworksBuildPhase section */

/* Begin PBXGroup section */
		84CE6C911668DCA40029781F = {
			isa = PBXGroup;
			children = (
				84CE6CA61668DCA40029781F /* ProximityDating */,
				84CE6C9F1668DCA40029781F /* Frameworks */,
				84CE6C9D1668DCA40029781F /* Products */,
			);
			sourceTree = "<group>";
		};
		84CE6C9D1668DCA40029781F /* Products */ = {
			isa = PBXGroup;
			children = (
				84CE6C9C1668DCA40029781F /* ProximityDating.app */,
			);
			name = Products;
			sourceTree = "<group>";
		};
		84CE6C9F1668DCA40029781F /* Frameworks */ = {
			isa = PBXGroup;
			children = (
				84CE6CA01668DCA40029781F /* UIKit.framework */,
				84CE6CA21668DCA40029781F /* Foundation.framework */,
				84CE6CA41668DCA40029781F /* CoreGraphics.framework */,
			);
			name = Frameworks;
			sourceTree = "<group>";
		};
		84CE6CA61668DCA40029781F /* ProximityDating */ = {
			isa = PBXGroup;
			children = (
				84CE6CAF1668DCA40029781F /* AppDelegate.h */,
				84CE6CB01668DCA40029781F /* AppDelegate.m */,
				84CE6CB81668DCA40029781F /* RootViewController.h */,
				84CE6CB91668DCA40029781F /* RootViewController.m */,
				84CE6CBB1668DCA40029781F /* DataViewController.h */,
				84CE6CBC1668DCA40029781F /* DataViewController.m */,
				84CE6CBE1668DCA40029781F /* ModelController.h */,
				84CE6CBF1668DCA40029781F /* ModelController.m */,
				84CE6CC11668DCA40029781F /* MainStoryboard_iPhone.storyboard */,
				84CE6CC41668DCA40029781F /* MainStoryboard_iPad.storyboard */,
				84CE6CA71668DCA40029781F /* Supporting Files */,
			);
			path = ProximityDating;
			sourceTree = "<group>";
		};
		84CE6CA71668DCA40029781F /* Supporting Files */ = {
			isa = PBXGroup;
			children = (
				84CE6CA81668DCA40029781F /* ProximityDating-Info.plist */,
				84CE6CA91668DCA40029781F /* InfoPlist.strings */,
				84CE6CAC1668DCA40029781F /* main.m */,
				84CE6CAE1668DCA40029781F /* ProximityDating-Prefix.pch */,
				84CE6CB21668DCA40029781F /* Default.png */,
				84CE6CB41668DCA40029781F /* Default@2x.png */,
				84CE6CB61668DCA40029781F /* Default-568h@2x.png */,
			);
			name = "Supporting Files";
			sourceTree = "<group>";
		};
/* End PBXGroup section */

/* Begin PBXNativeTarget section */
		84CE6C9B1668DCA40029781F /* ProximityDating */ = {
			isa = PBXNativeTarget;
			buildConfigurationList = 84CE6CC91668DCA40029781F /* Build configuration list for PBXNativeTarget "ProximityDating" */;
			buildPhases = (
				84CE6C981668DCA40029781F /* Sources */,
				84CE6C991668DCA40029781F /* Frameworks */,
				84CE6C9A1668DCA40029781F /* Resources */,
			);
			buildRules = (
			);
			dependencies = (
			);
			name = ProximityDating;
			productName = ProximityDating;
			productReference = 84CE6C9C1668DCA40029781F /* ProximityDating.app */;
			productType = "com.apple.product-type.application";
		};
/* End PBXNativeTarget section */

/* Begin PBXProject section */
		84CE6C931668DCA40029781F /* Project object */ = {
			isa = PBXProject;
			attributes = {
				LastUpgradeCheck = 0450;
				ORGANIZATIONNAME = Admin;
			};
			buildConfigurationList = 84CE6C961668DCA40029781F /* Build configuration list for PBXProject "ProximityDating" */;
			compatibilityVersion = "Xcode 3.2";
			developmentRegion = English;
			hasScannedForEncodings = 0;
			knownRegions = (
				en,
			);
			mainGroup = 84CE6C911668DCA40029781F;
			productRefGroup = 84CE6C9D1668DCA40029781F /* Products */;
			projectDirPath = "";
			projectRoot = "";
			targets = (
				84CE6C9B1668DCA40029781F /* ProximityDating */,
			);
		};
/* End PBXProject section */

/* Begin PBXResourcesBuildPhase section */
		84CE6C9A1668DCA40029781F /* Resources */ = {
			isa = PBXResourcesBuildPhase;
			buildActionMask = 2147483647;
			files = (
				84CE6CAB1668DCA40029781F /* InfoPlist.strings in Resources */,
				84CE6CB31668DCA40029781F /* Default.png in Resources */,
				84CE6CB51668DCA40029781F /* Default@2x.png in Resources */,
				84CE6CB71668DCA40029781F /* Default-568h@2x.png in Resources */,
				84CE6CC31668DCA40029781F /* MainStoryboard_iPhone.storyboard in Resources */,
				84CE6CC61668DCA40029781F /* MainStoryboard_iPad.storyboard in Resources */,
			);
			runOnlyForDeploymentPostprocessing = 0;
		};
/* End PBXResourcesBuildPhase section */

/* Begin PBXSourcesBuildPhase section */
		84CE6C981668DCA40029781F /* Sources */ = {
			isa = PBXSourcesBuildPhase;
			buildActionMask = 2147483647;
			files = (
				84CE6CAD1668DCA40029781F /* main.m in Sources */,
				84CE6CB11668DCA40029781F /* AppDelegate.m in Sources */,
				84CE6CBA1668DCA40029781F /* RootViewController.m in Sources */,
				84CE6CBD1668DCA40029781F /* DataViewController.m in Sources */,
				84CE6CC01668DCA40029781F /* ModelController.m in Sources */,
			);
			runOnlyForDeploymentPostprocessing = 0;
		};
/* End PBXSourcesBuildPhase section */

/* Begin PBXVariantGroup section */
		84CE6CA91668DCA40029781F /* InfoPlist.strings */ = {
			isa = PBXVariantGroup;
			children = (
				84CE6CAA1668DCA40029781F /* en */,
			);
			name = InfoPlist.strings;
			sourceTree = "<group>";
		};
		84CE6CC11668DCA40029781F /* MainStoryboard_iPhone.storyboard */ = {
			isa = PBXVariantGroup;
			children = (
				84CE6CC21668DCA40029781F /* en */,
			);
			name = MainStoryboard_iPhone.storyboard;
			sourceTree = "<group>";
		};
		84CE6CC41668DCA40029781F /* MainStoryboard_iPad.storyboard */ = {
			isa = PBXVariantGroup;
			children = (
				84CE6CC51668DCA40029781F /* en */,
			);
			name = MainStoryboard_iPad.storyboard;
			sourceTree = "<group>";
		};
/* End PBXVariantGroup section */

/* Begin XCBuildConfiguration section */
		84CE6CC71668DCA40029781F /* Debug */ = {
			isa = XCBuildConfiguration;
			buildSettings = {
				ALWAYS_SEARCH_USER_PATHS = NO;
				CLANG_CXX_LANGUAGE_STANDARD = "gnu++0x";
				CLANG_CXX_LIBRARY = "libc++";
				CLANG_ENABLE_OBJC_ARC = YES;
				CLANG_WARN_EMPTY_BODY = YES;
				CLANG_WARN__DUPLICATE_METHOD_MATCH = YES;
				"CODE_SIGN_IDENTITY[sdk=iphoneos*]" = "iPhone Developer";
				COPY_PHASE_STRIP = NO;
				GCC_C_LANGUAGE_STANDARD = gnu99;
				GCC_DYNAMIC_NO_PIC = NO;
				GCC_OPTIMIZATION_LEVEL = 0;
				GCC_PREPROCESSOR_DEFINITIONS = (
					"DEBUG=1",
					"$(inherited)",
				);
				GCC_SYMBOLS_PRIVATE_EXTERN = NO;
				GCC_WARN_ABOUT_RETURN_TYPE = YES;
				GCC_WARN_UNINITIALIZED_AUTOS = YES;
				GCC_WARN_UNUSED_VARIABLE = YES;
				IPHONEOS_DEPLOYMENT_TARGET = 6.0;
				ONLY_ACTIVE_ARCH = YES;
				SDKROOT = iphoneos;
				TARGETED_DEVICE_FAMILY = "1,2";
			};
			name = Debug;
		};
		84CE6CC81668DCA40029781F /* Release */ = {
			isa = XCBuildConfiguration;
			buildSettings = {
				ALWAYS_SEARCH_USER_PATHS = NO;
				CLANG_CXX_LANGUAGE_STANDARD = "gnu++0x";
				CLANG_CXX_LIBRARY = "libc++";
				CLANG_ENABLE_OBJC_ARC = YES;
				CLANG_WARN_EMPTY_BODY = YES;
				CLANG_WARN__DUPLICATE_METHOD_MATCH = YES;
				"CODE_SIGN_IDENTITY[sdk=iphoneos*]" = "iPhone Developer";
				COPY_PHASE_STRIP = YES;
				GCC_C_LANGUAGE_STANDARD = gnu99;
				GCC_WARN_ABOUT_RETURN_TYPE = YES;
				GCC_WARN_UNINITIALIZED_AUTOS = YES;
				GCC_WARN_UNUSED_VARIABLE = YES;
				IPHONEOS_DEPLOYMENT_TARGET = 6.0;
				OTHER_CFLAGS = "-DNS_BLOCK_ASSERTIONS=1";
				SDKROOT = iphoneos;
				TARGETED_DEVICE_FAMILY = "1,2";
				VALIDATE_PRODUCT = YES;
			};
			name = Release;
		};
		84CE6CCA1668DCA40029781F /* Debug */ = {
			isa = XCBuildConfiguration;
			buildSettings = {
				GCC_PRECOMPILE_PREFIX_HEADER = YES;
				GCC_PREFIX_HEADER = "ProximityDating/ProximityDating-Prefix.pch";
				INFOPLIST_FILE = "ProximityDating/ProximityDating-Info.plist";
				PRODUCT_NAME = "$(TARGET_NAME)";
				WRAPPER_EXTENSION = app;
			};
			name = Debug;
		};
		84CE6CCB1668DCA40029781F /* Release */ = {
			isa = XCBuildConfiguration;
			buildSettings = {
				GCC_PRECOMPILE_PREFIX_HEADER = YES;
				GCC_PREFIX_HEADER = "ProximityDating/ProximityDating-Prefix.pch";
				INFOPLIST_FILE = "ProximityDating/ProximityDating-Info.plist";
				PRODUCT_NAME = "$(TARGET_NAME)";
				WRAPPER_EXTENSION = app;
			};
			name = Release;
		};
/* End XCBuildConfiguration section */

/* Begin XCConfigurationList section */
		84CE6C961668DCA40029781F /* Build configuration list for PBXProject "ProximityDating" */ = {
			isa = XCConfigurationList;
			buildConfigurations = (
				84CE6CC71668DCA40029781F /* Debug */,
				84CE6CC81668DCA40029781F /* Release */,
			);
			defaultConfigurationIsVisible = 0;
			defaultConfigurationName = Release;
		};
		84CE6CC91668DCA40029781F /* Build configuration list for PBXNativeTarget "ProximityDating" */ = {
			isa = XCConfigurationList;
			buildConfigurations = (
				84CE6CCA1668DCA40029781F /* Debug */,
				84CE6CCB1668DCA40029781F /* Release */,
			);
			defaultConfigurationIsVisible = 0;
		};
/* End XCConfigurationList section */
	};
	rootObject = 84CE6C931668DCA40029781F /* Project object */;
}
