// !$*UTF8*$!
{
	archiveVersion = 1;
	classes = {
	};
	objectVersion = 46;
	objects = {

/* Begin PBXBuildFile section */
		1CFD58D11668DB5900006750 /* Cocoa.framework in Frameworks */ = {isa = PBXBuildFile; fileRef = 1CFD58D01668DB5900006750 /* Cocoa.framework */; };
		1CFD58DB1668DB5900006750 /* InfoPlist.strings in Resources */ = {isa = PBXBuildFile; fileRef = 1CFD58D91668DB5900006750 /* InfoPlist.strings */; };
		1CFD58DD1668DB5900006750 /* main.m in Sources */ = {isa = PBXBuildFile; fileRef = 1CFD58DC1668DB5900006750 /* main.m */; };
		1CFD58E11668DB5900006750 /* Credits.rtf in Resources */ = {isa = PBXBuildFile; fileRef = 1CFD58DF1668DB5900006750 /* Credits.rtf */; };
		1CFD58E41668DB5900006750 /* CNAppDelegate.m in Sources */ = {isa = PBXBuildFile; fileRef = 1CFD58E31668DB5900006750 /* CNAppDelegate.m */; };
		1CFD58E71668DB5900006750 /* MainMenu.xib in Resources */ = {isa = PBXBuildFile; fileRef = 1CFD58E51668DB5900006750 /* MainMenu.xib */; };
/* End PBXBuildFile section */

/* Begin PBXFileReference section */
		1CFD58CC1668DB5900006750 /* contmp.app */ = {isa = PBXFileReference; explicitFileType = wrapper.application; includeInIndex = 0; path = contmp.app; sourceTree = BUILT_PRODUCTS_DIR; };
		1CFD58D01668DB5900006750 /* Cocoa.framework */ = {isa = PBXFileReference; lastKnownFileType = wrapper.framework; name = Cocoa.framework; path = System/Library/Frameworks/Cocoa.framework; sourceTree = SDKROOT; };
		1CFD58D31668DB5900006750 /* AppKit.framework */ = {isa = PBXFileReference; lastKnownFileType = wrapper.framework; name = AppKit.framework; path = System/Library/Frameworks/AppKit.framework; sourceTree = SDKROOT; };
		1CFD58D41668DB5900006750 /* CoreData.framework */ = {isa = PBXFileReference; lastKnownFileType = wrapper.framework; name = CoreData.framework; path = System/Library/Frameworks/CoreData.framework; sourceTree = SDKROOT; };
		1CFD58D51668DB5900006750 /* Foundation.framework */ = {isa = PBXFileReference; lastKnownFileType = wrapper.framework; name = Foundation.framework; path = System/Library/Frameworks/Foundation.framework; sourceTree = SDKROOT; };
		1CFD58D81668DB5900006750 /* contmp-Info.plist */ = {isa = PBXFileReference; lastKnownFileType = text.plist.xml; path = "contmp-Info.plist"; sourceTree = "<group>"; };
		1CFD58DA1668DB5900006750 /* en */ = {isa = PBXFileReference; lastKnownFileType = text.plist.strings; name = en; path = en.lproj/InfoPlist.strings; sourceTree = "<group>"; };
		1CFD58DC1668DB5900006750 /* main.m */ = {isa = PBXFileReference; lastKnownFileType = sourcecode.c.objc; path = main.m; sourceTree = "<group>"; };
		1CFD58DE1668DB5900006750 /* contmp-Prefix.pch */ = {isa = PBXFileReference; lastKnownFileType = sourcecode.c.h; path = "contmp-Prefix.pch"; sourceTree = "<group>"; };
		1CFD58E01668DB5900006750 /* en */ = {isa = PBXFileReference; lastKnownFileType = text.rtf; name = en; path = en.lproj/Credits.rtf; sourceTree = "<group>"; };
		1CFD58E21668DB5900006750 /* CNAppDelegate.h */ = {isa = PBXFileReference; lastKnownFileType = sourcecode.c.h; path = CNAppDelegate.h; sourceTree = "<group>"; };
		1CFD58E31668DB5900006750 /* CNAppDelegate.m */ = {isa = PBXFileReference; lastKnownFileType = sourcecode.c.objc; path = CNAppDelegate.m; sourceTree = "<group>"; };
		1CFD58E61668DB5900006750 /* en */ = {isa = PBXFileReference; lastKnownFileType = file.xib; name = en; path = en.lproj/MainMenu.xib; sourceTree = "<group>"; };
/* End PBXFileReference section */

/* Begin PBXFrameworksBuildPhase section */
		1CFD58C91668DB5900006750 /* Frameworks */ = {
			isa = PBXFrameworksBuildPhase;
			buildActionMask = 2147483647;
			files = (
				1CFD58D11668DB5900006750 /* Cocoa.framework in Frameworks */,
			);
			runOnlyForDeploymentPostprocessing = 0;
		};
/* End PBXFrameworksBuildPhase section */

/* Begin PBXGroup section */
		1CFD58C11668DB5900006750 = {
			isa = PBXGroup;
			children = (
				1CFD58D61668DB5900006750 /* contmp */,
				1CFD58CF1668DB5900006750 /* Frameworks */,
				1CFD58CD1668DB5900006750 /* Products */,
			);
			sourceTree = "<group>";
		};
		1CFD58CD1668DB5900006750 /* Products */ = {
			isa = PBXGroup;
			children = (
				1CFD58CC1668DB5900006750 /* contmp.app */,
			);
			name = Products;
			sourceTree = "<group>";
		};
		1CFD58CF1668DB5900006750 /* Frameworks */ = {
			isa = PBXGroup;
			children = (
				1CFD58D01668DB5900006750 /* Cocoa.framework */,
				1CFD58D21668DB5900006750 /* Other Frameworks */,
			);
			name = Frameworks;
			sourceTree = "<group>";
		};
		1CFD58D21668DB5900006750 /* Other Frameworks */ = {
			isa = PBXGroup;
			children = (
				1CFD58D31668DB5900006750 /* AppKit.framework */,
				1CFD58D41668DB5900006750 /* CoreData.framework */,
				1CFD58D51668DB5900006750 /* Foundation.framework */,
			);
			name = "Other Frameworks";
			sourceTree = "<group>";
		};
		1CFD58D61668DB5900006750 /* contmp */ = {
			isa = PBXGroup;
			children = (
				1CFD58E21668DB5900006750 /* CNAppDelegate.h */,
				1CFD58E31668DB5900006750 /* CNAppDelegate.m */,
				1CFD58E51668DB5900006750 /* MainMenu.xib */,
				1CFD58D71668DB5900006750 /* Supporting Files */,
			);
			path = contmp;
			sourceTree = "<group>";
		};
		1CFD58D71668DB5900006750 /* Supporting Files */ = {
			isa = PBXGroup;
			children = (
				1CFD58D81668DB5900006750 /* contmp-Info.plist */,
				1CFD58D91668DB5900006750 /* InfoPlist.strings */,
				1CFD58DC1668DB5900006750 /* main.m */,
				1CFD58DE1668DB5900006750 /* contmp-Prefix.pch */,
				1CFD58DF1668DB5900006750 /* Credits.rtf */,
			);
			name = "Supporting Files";
			sourceTree = "<group>";
		};
/* End PBXGroup section */

/* Begin PBXNativeTarget section */
		1CFD58CB1668DB5900006750 /* contmp */ = {
			isa = PBXNativeTarget;
			buildConfigurationList = 1CFD58EA1668DB5900006750 /* Build configuration list for PBXNativeTarget "contmp" */;
			buildPhases = (
				1CFD58C81668DB5900006750 /* Sources */,
				1CFD58C91668DB5900006750 /* Frameworks */,
				1CFD58CA1668DB5900006750 /* Resources */,
			);
			buildRules = (
			);
			dependencies = (
			);
			name = contmp;
			productName = contmp;
			productReference = 1CFD58CC1668DB5900006750 /* contmp.app */;
			productType = "com.apple.product-type.application";
		};
/* End PBXNativeTarget section */

/* Begin PBXProject section */
		1CFD58C31668DB5900006750 /* Project object */ = {
			isa = PBXProject;
			attributes = {
				CLASSPREFIX = CN;
				LastUpgradeCheck = 0450;
				ORGANIZATIONNAME = sysadmin.su;
			};
			buildConfigurationList = 1CFD58C61668DB5900006750 /* Build configuration list for PBXProject "contmp" */;
			compatibilityVersion = "Xcode 3.2";
			developmentRegion = English;
			hasScannedForEncodings = 0;
			knownRegions = (
				en,
			);
			mainGroup = 1CFD58C11668DB5900006750;
			productRefGroup = 1CFD58CD1668DB5900006750 /* Products */;
			projectDirPath = "";
			projectRoot = "";
			targets = (
				1CFD58CB1668DB5900006750 /* contmp */,
			);
		};
/* End PBXProject section */

/* Begin PBXResourcesBuildPhase section */
		1CFD58CA1668DB5900006750 /* Resources */ = {
			isa = PBXResourcesBuildPhase;
			buildActionMask = 2147483647;
			files = (
				1CFD58DB1668DB5900006750 /* InfoPlist.strings in Resources */,
				1CFD58E11668DB5900006750 /* Credits.rtf in Resources */,
				1CFD58E71668DB5900006750 /* MainMenu.xib in Resources */,
			);
			runOnlyForDeploymentPostprocessing = 0;
		};
/* End PBXResourcesBuildPhase section */

/* Begin PBXSourcesBuildPhase section */
		1CFD58C81668DB5900006750 /* Sources */ = {
			isa = PBXSourcesBuildPhase;
			buildActionMask = 2147483647;
			files = (
				1CFD58DD1668DB5900006750 /* main.m in Sources */,
				1CFD58E41668DB5900006750 /* CNAppDelegate.m in Sources */,
			);
			runOnlyForDeploymentPostprocessing = 0;
		};
/* End PBXSourcesBuildPhase section */

/* Begin PBXVariantGroup section */
		1CFD58D91668DB5900006750 /* InfoPlist.strings */ = {
			isa = PBXVariantGroup;
			children = (
				1CFD58DA1668DB5900006750 /* en */,
			);
			name = InfoPlist.strings;
			sourceTree = "<group>";
		};
		1CFD58DF1668DB5900006750 /* Credits.rtf */ = {
			isa = PBXVariantGroup;
			children = (
				1CFD58E01668DB5900006750 /* en */,
			);
			name = Credits.rtf;
			sourceTree = "<group>";
		};
		1CFD58E51668DB5900006750 /* MainMenu.xib */ = {
			isa = PBXVariantGroup;
			children = (
				1CFD58E61668DB5900006750 /* en */,
			);
			name = MainMenu.xib;
			sourceTree = "<group>";
		};
/* End PBXVariantGroup section */

/* Begin XCBuildConfiguration section */
		1CFD58E81668DB5900006750 /* Debug */ = {
			isa = XCBuildConfiguration;
			buildSettings = {
				ALWAYS_SEARCH_USER_PATHS = NO;
				ARCHS = "$(ARCHS_STANDARD_64_BIT)";
				CLANG_CXX_LANGUAGE_STANDARD = "gnu++0x";
				CLANG_CXX_LIBRARY = "libc++";
				CLANG_ENABLE_OBJC_ARC = YES;
				CLANG_WARN_EMPTY_BODY = YES;
				CLANG_WARN__DUPLICATE_METHOD_MATCH = YES;
				COPY_PHASE_STRIP = NO;
				GCC_C_LANGUAGE_STANDARD = gnu99;
				GCC_DYNAMIC_NO_PIC = NO;
				GCC_ENABLE_OBJC_EXCEPTIONS = YES;
				GCC_OPTIMIZATION_LEVEL = 0;
				GCC_PREPROCESSOR_DEFINITIONS = (
					"DEBUG=1",
					"$(inherited)",
				);
				GCC_SYMBOLS_PRIVATE_EXTERN = NO;
				GCC_WARN_64_TO_32_BIT_CONVERSION = YES;
				GCC_WARN_ABOUT_RETURN_TYPE = YES;
				GCC_WARN_UNINITIALIZED_AUTOS = YES;
				GCC_WARN_UNUSED_VARIABLE = YES;
				MACOSX_DEPLOYMENT_TARGET = 10.8;
				ONLY_ACTIVE_ARCH = YES;
				SDKROOT = macosx;
			};
			name = Debug;
		};
		1CFD58E91668DB5900006750 /* Release */ = {
			isa = XCBuildConfiguration;
			buildSettings = {
				ALWAYS_SEARCH_USER_PATHS = NO;
				ARCHS = "$(ARCHS_STANDARD_64_BIT)";
				CLANG_CXX_LANGUAGE_STANDARD = "gnu++0x";
				CLANG_CXX_LIBRARY = "libc++";
				CLANG_ENABLE_OBJC_ARC = YES;
				CLANG_WARN_EMPTY_BODY = YES;
				CLANG_WARN__DUPLICATE_METHOD_MATCH = YES;
				COPY_PHASE_STRIP = YES;
				DEBUG_INFORMATION_FORMAT = "dwarf-with-dsym";
				GCC_C_LANGUAGE_STANDARD = gnu99;
				GCC_ENABLE_OBJC_EXCEPTIONS = YES;
				GCC_WARN_64_TO_32_BIT_CONVERSION = YES;
				GCC_WARN_ABOUT_RETURN_TYPE = YES;
				GCC_WARN_UNINITIALIZED_AUTOS = YES;
				GCC_WARN_UNUSED_VARIABLE = YES;
				MACOSX_DEPLOYMENT_TARGET = 10.8;
				SDKROOT = macosx;
			};
			name = Release;
		};
		1CFD58EB1668DB5900006750 /* Debug */ = {
			isa = XCBuildConfiguration;
			buildSettings = {
				COMBINE_HIDPI_IMAGES = YES;
				GCC_PRECOMPILE_PREFIX_HEADER = YES;
				GCC_PREFIX_HEADER = "contmp/contmp-Prefix.pch";
				INFOPLIST_FILE = "contmp/contmp-Info.plist";
				PRODUCT_NAME = "$(TARGET_NAME)";
				WRAPPER_EXTENSION = app;
			};
			name = Debug;
		};
		1CFD58EC1668DB5900006750 /* Release */ = {
			isa = XCBuildConfiguration;
			buildSettings = {
				COMBINE_HIDPI_IMAGES = YES;
				GCC_PRECOMPILE_PREFIX_HEADER = YES;
				GCC_PREFIX_HEADER = "contmp/contmp-Prefix.pch";
				INFOPLIST_FILE = "contmp/contmp-Info.plist";
				PRODUCT_NAME = "$(TARGET_NAME)";
				WRAPPER_EXTENSION = app;
			};
			name = Release;
		};
/* End XCBuildConfiguration section */

/* Begin XCConfigurationList section */
		1CFD58C61668DB5900006750 /* Build configuration list for PBXProject "contmp" */ = {
			isa = XCConfigurationList;
			buildConfigurations = (
				1CFD58E81668DB5900006750 /* Debug */,
				1CFD58E91668DB5900006750 /* Release */,
			);
			defaultConfigurationIsVisible = 0;
			defaultConfigurationName = Release;
		};
		1CFD58EA1668DB5900006750 /* Build configuration list for PBXNativeTarget "contmp" */ = {
			isa = XCConfigurationList;
			buildConfigurations = (
				1CFD58EB1668DB5900006750 /* Debug */,
				1CFD58EC1668DB5900006750 /* Release */,
			);
			defaultConfigurationIsVisible = 0;
		};
/* End XCConfigurationList section */
	};
	rootObject = 1CFD58C31668DB5900006750 /* Project object */;
}
